
Microsoft Visual Studio Solution File, Format Version 12.00
# Visual Studio 15
VisualStudioVersion = 15.0.27130.2036
MinimumVisualStudioVersion = 10.0.40219.1
Project("{FAE04EC0-301F-11D3-BF4B-00C04F79EFBC}") = "ES_WEBKYSO", "ES_WEBKYSO\ES_WEBKYSO.csproj", "{BBD7CB03-DAA6-4DE5-8A90-62A0DD219F02}"
EndProject
Project("{FAE04EC0-301F-11D3-BF4B-00C04F79EFBC}") = "WSGCS", "WSGCS\WSGCS.csproj", "{C5CB648C-499E-4E53-9D96-E26771692B25}"
EndProject
Global
	GlobalSection(SolutionConfigurationPlatforms) = preSolution
		Debug|Any CPU = Debug|Any CPU
		Release|Any CPU = Release|Any CPU
	EndGlobalSection
	GlobalSection(ProjectConfigurationPlatforms) = postSolution
		{BBD7CB03-DAA6-4DE5-8A90-62A0DD219F02}.Debug|Any CPU.ActiveCfg = Debug|Any CPU
		{BBD7CB03-DAA6-4DE5-8A90-62A0DD219F02}.Debug|Any CPU.Build.0 = Debug|Any CPU
		{BBD7CB03-DAA6-4DE5-8A90-62A0DD219F02}.Release|Any CPU.ActiveCfg = Release|Any CPU
		{BBD7CB03-DAA6-4DE5-8A90-62A0DD219F02}.Release|Any CPU.Build.0 = Release|Any CPU
		{C5CB648C-499E-4E53-9D96-E26771692B25}.Debug|Any CPU.ActiveCfg = Debug|Any CPU
		{C5CB648C-499E-4E53-9D96-E26771692B25}.Debug|Any CPU.Build.0 = Debug|Any CPU
		{C5CB648C-499E-4E53-9D96-E26771692B25}.Release|Any CPU.ActiveCfg = Release|Any CPU
		{C5CB648C-499E-4E53-9D96-E26771692B25}.Release|Any CPU.Build.0 = Release|Any CPU
	EndGlobalSection
	GlobalSection(SolutionProperties) = preSolution
		HideSolutionNode = FALSE
	EndGlobalSection
	GlobalSection(ExtensibilityGlobals) = postSolution
		SolutionGuid = {AC34B2CF-8629-4E5F-A49E-F347EF25A56F}
	EndGlobalSection
EndGlobal
